
Microsoft Visual Studio Solution File, Format Version 12.00
# Visual Studio Version 16
VisualStudioVersion = 16.0.32002.261
MinimumVisualStudioVersion = 10.0.40219.1
Project("{9A19103F-16F7-4668-BE54-9A1E7A4F7556}") = "SpxYamlTestAdapter", "src\TestAdapter\SpxYamlTestAdapter.csproj", "{D5E11B2B-2630-404C-8237-9161B6C489F1}"
EndProject
Project("{9A19103F-16F7-4668-BE54-9A1E7A4F7556}") = "SpxYamlTestRunner", "src\TestProject\SpxYamlTestRunner.csproj", "{6A427711-49B9-495B-9C7C-955F43A2B914}"
EndProject
Global
	GlobalSection(SolutionConfigurationPlatforms) = preSolution
		Debug|Any CPU = Debug|Any CPU
		Release|Any CPU = Release|Any CPU
	EndGlobalSection
	GlobalSection(ProjectConfigurationPlatforms) = postSolution
		{D5E11B2B-2630-404C-8237-9161B6C489F1}.Debug|Any CPU.ActiveCfg = Debug|Any CPU
		{D5E11B2B-2630-404C-8237-9161B6C489F1}.Debug|Any CPU.Build.0 = Debug|Any CPU
		{D5E11B2B-2630-404C-8237-9161B6C489F1}.Release|Any CPU.ActiveCfg = Release|Any CPU
		{D5E11B2B-2630-404C-8237-9161B6C489F1}.Release|Any CPU.Build.0 = Release|Any CPU
		{6A427711-49B9-495B-9C7C-955F43A2B914}.Debug|Any CPU.ActiveCfg = Debug|Any CPU
		{6A427711-49B9-495B-9C7C-955F43A2B914}.Debug|Any CPU.Build.0 = Debug|Any CPU
		{6A427711-49B9-495B-9C7C-955F43A2B914}.Release|Any CPU.ActiveCfg = Release|Any CPU
		{6A427711-49B9-495B-9C7C-955F43A2B914}.Release|Any CPU.Build.0 = Release|Any CPU
	EndGlobalSection
	GlobalSection(SolutionProperties) = preSolution
		HideSolutionNode = FALSE
	EndGlobalSection
	GlobalSection(ExtensibilityGlobals) = postSolution
		SolutionGuid = {19CB016B-5066-48AC-934C-5D733C621651}
	EndGlobalSection
EndGlobal
