
Microsoft Visual Studio Solution File, Format Version 12.00
# Visual Studio Version 16
VisualStudioVersion = 16.0.32002.261
MinimumVisualStudioVersion = 10.0.40219.1
Project("{9A19103F-16F7-4668-BE54-9A1E7A4F7556}") = "TestAdapter", "src\TestAdapter\TestAdapter.csproj", "{656EEA15-FBFF-4EBD-BED8-F699C486A681}"
EndProject
Project("{9A19103F-16F7-4668-BE54-9A1E7A4F7556}") = "TestProject", "src\TestProject\TestProject.csproj", "{66F8AD17-D9CF-4343-A292-6B9A975F7CC2}"
EndProject
Global
	GlobalSection(SolutionConfigurationPlatforms) = preSolution
		Debug|Any CPU = Debug|Any CPU
		Release|Any CPU = Release|Any CPU
	EndGlobalSection
	GlobalSection(ProjectConfigurationPlatforms) = postSolution
		{656EEA15-FBFF-4EBD-BED8-F699C486A681}.Debug|Any CPU.ActiveCfg = Debug|Any CPU
		{656EEA15-FBFF-4EBD-BED8-F699C486A681}.Debug|Any CPU.Build.0 = Debug|Any CPU
		{656EEA15-FBFF-4EBD-BED8-F699C486A681}.Release|Any CPU.ActiveCfg = Release|Any CPU
		{656EEA15-FBFF-4EBD-BED8-F699C486A681}.Release|Any CPU.Build.0 = Release|Any CPU
		{66F8AD17-D9CF-4343-A292-6B9A975F7CC2}.Debug|Any CPU.ActiveCfg = Debug|Any CPU
		{66F8AD17-D9CF-4343-A292-6B9A975F7CC2}.Debug|Any CPU.Build.0 = Debug|Any CPU
		{66F8AD17-D9CF-4343-A292-6B9A975F7CC2}.Release|Any CPU.ActiveCfg = Release|Any CPU
		{66F8AD17-D9CF-4343-A292-6B9A975F7CC2}.Release|Any CPU.Build.0 = Release|Any CPU
	EndGlobalSection
	GlobalSection(SolutionProperties) = preSolution
		HideSolutionNode = FALSE
	EndGlobalSection
	GlobalSection(ExtensibilityGlobals) = postSolution
		SolutionGuid = {19CB016B-5066-48AC-934C-5D733C621651}
	EndGlobalSection
EndGlobal
